
Microsoft Visual Studio Solution File, Format Version 12.00
# Visual Studio Version 16
VisualStudioVersion = 16.0.30204.135
MinimumVisualStudioVersion = 10.0.40219.1
Project("{FAE04EC0-301F-11D3-BF4B-00C04F79EFBC}") = "DNN", "DNN\DNN.csproj", "{CC0B71ED-F5B8-450A-BB68-59B89CECFAA3}"
EndProject
Global
	GlobalSection(SolutionConfigurationPlatforms) = preSolution
		Debug|Any CPU = Debug|Any CPU
		Release|Any CPU = Release|Any CPU
	EndGlobalSection
	GlobalSection(ProjectConfigurationPlatforms) = postSolution
		{CC0B71ED-F5B8-450A-BB68-59B89CECFAA3}.Debug|Any CPU.ActiveCfg = Debug|Any CPU
		{CC0B71ED-F5B8-450A-BB68-59B89CECFAA3}.Debug|Any CPU.Build.0 = Debug|Any CPU
		{CC0B71ED-F5B8-450A-BB68-59B89CECFAA3}.Release|Any CPU.ActiveCfg = Release|Any CPU
		{CC0B71ED-F5B8-450A-BB68-59B89CECFAA3}.Release|Any CPU.Build.0 = Release|Any CPU
	EndGlobalSection
	GlobalSection(SolutionProperties) = preSolution
		HideSolutionNode = FALSE
	EndGlobalSection
	GlobalSection(ExtensibilityGlobals) = postSolution
		SolutionGuid = {74F734D4-917D-473E-98C5-7C239712800B}
	EndGlobalSection
EndGlobal
